// !$*UTF8*$!
{
	archiveVersion = 1;
	classes = {
	};
	objectVersion = 50;
	objects = {

/* Begin PBXBuildFile section */
		144D28A529F8CF36006D0AB4 /* AppDelegate.swift in Sources */ = {isa = PBXBuildFile; fileRef = 144D28A429F8CF36006D0AB4 /* AppDelegate.swift */; };
		144D28A729F8CF36006D0AB4 /* SceneDelegate.swift in Sources */ = {isa = PBXBuildFile; fileRef = 144D28A629F8CF36006D0AB4 /* SceneDelegate.swift */; };
		144D28A929F8CF36006D0AB4 /* ViewController.swift in Sources */ = {isa = PBXBuildFile; fileRef = 144D28A829F8CF36006D0AB4 /* ViewController.swift */; };
		144D28AC29F8CF36006D0AB4 /* Main.storyboard in Resources */ = {isa = PBXBuildFile; fileRef = 144D28AA29F8CF36006D0AB4 /* Main.storyboard */; };
		144D28AE29F8CF3D006D0AB4 /* Assets.xcassets in Resources */ = {isa = PBXBuildFile; fileRef = 144D28AD29F8CF3D006D0AB4 /* Assets.xcassets */; };
		144D28B129F8CF3D006D0AB4 /* LaunchScreen.storyboard in Resources */ = {isa = PBXBuildFile; fileRef = 144D28AF29F8CF3D006D0AB4 /* LaunchScreen.storyboard */; };
		144D28BC29F8CF3D006D0AB4 /* YeahSoundboardTests.swift in Sources */ = {isa = PBXBuildFile; fileRef = 144D28BB29F8CF3D006D0AB4 /* YeahSoundboardTests.swift */; };
		144D28C729F8CF3D006D0AB4 /* YeahSoundboardUITests.swift in Sources */ = {isa = PBXBuildFile; fileRef = 144D28C629F8CF3D006D0AB4 /* YeahSoundboardUITests.swift */; };
		144D28DF29F8DD7E006D0AB4 /* shock.mp3 in Resources */ = {isa = PBXBuildFile; fileRef = 144D28DB29F8DD7E006D0AB4 /* shock.mp3 */; };
		144D28E029F8DD7E006D0AB4 /* undertaker.mp3 in Resources */ = {isa = PBXBuildFile; fileRef = 144D28DC29F8DD7E006D0AB4 /* undertaker.mp3 */; };
		144D28E229F8DD7E006D0AB4 /* mlg.mp3 in Resources */ = {isa = PBXBuildFile; fileRef = 144D28DE29F8DD7E006D0AB4 /* mlg.mp3 */; };
		144D28FC29F8E511006D0AB4 /* la-knight.mp3 in Resources */ = {isa = PBXBuildFile; fileRef = 144D28FB29F8E511006D0AB4 /* la-knight.mp3 */; };
/* End PBXBuildFile section */

/* Begin PBXContainerItemProxy section */
		144D28B829F8CF3D006D0AB4 /* PBXContainerItemProxy */ = {
			isa = PBXContainerItemProxy;
			containerPortal = 144D289929F8CF36006D0AB4 /* Project object */;
			proxyType = 1;
			remoteGlobalIDString = 144D28A029F8CF36006D0AB4;
			remoteInfo = YeahSoundboard;
		};
		144D28C329F8CF3D006D0AB4 /* PBXContainerItemProxy */ = {
			isa = PBXContainerItemProxy;
			containerPortal = 144D289929F8CF36006D0AB4 /* Project object */;
			proxyType = 1;
			remoteGlobalIDString = 144D28A029F8CF36006D0AB4;
			remoteInfo = YeahSoundboard;
		};
/* End PBXContainerItemProxy section */

/* Begin PBXFileReference section */
		144D28A129F8CF36006D0AB4 /* YeahSoundboard.app */ = {isa = PBXFileReference; explicitFileType = wrapper.application; includeInIndex = 0; path = YeahSoundboard.app; sourceTree = BUILT_PRODUCTS_DIR; };
		144D28A429F8CF36006D0AB4 /* AppDelegate.swift */ = {isa = PBXFileReference; lastKnownFileType = sourcecode.swift; path = AppDelegate.swift; sourceTree = "<group>"; };
		144D28A629F8CF36006D0AB4 /* SceneDelegate.swift */ = {isa = PBXFileReference; lastKnownFileType = sourcecode.swift; path = SceneDelegate.swift; sourceTree = "<group>"; };
		144D28A829F8CF36006D0AB4 /* ViewController.swift */ = {isa = PBXFileReference; lastKnownFileType = sourcecode.swift; path = ViewController.swift; sourceTree = "<group>"; };
		144D28AB29F8CF36006D0AB4 /* Base */ = {isa = PBXFileReference; lastKnownFileType = file.storyboard; name = Base; path = Base.lproj/Main.storyboard; sourceTree = "<group>"; };
		144D28AD29F8CF3D006D0AB4 /* Assets.xcassets */ = {isa = PBXFileReference; lastKnownFileType = folder.assetcatalog; path = Assets.xcassets; sourceTree = "<group>"; };
		144D28B029F8CF3D006D0AB4 /* Base */ = {isa = PBXFileReference; lastKnownFileType = file.storyboard; name = Base; path = Base.lproj/LaunchScreen.storyboard; sourceTree = "<group>"; };
		144D28B229F8CF3D006D0AB4 /* Info.plist */ = {isa = PBXFileReference; lastKnownFileType = text.plist.xml; path = Info.plist; sourceTree = "<group>"; };
		144D28B729F8CF3D006D0AB4 /* YeahSoundboardTests.xctest */ = {isa = PBXFileReference; explicitFileType = wrapper.cfbundle; includeInIndex = 0; path = YeahSoundboardTests.xctest; sourceTree = BUILT_PRODUCTS_DIR; };
		144D28BB29F8CF3D006D0AB4 /* YeahSoundboardTests.swift */ = {isa = PBXFileReference; lastKnownFileType = sourcecode.swift; path = YeahSoundboardTests.swift; sourceTree = "<group>"; };
		144D28BD29F8CF3D006D0AB4 /* Info.plist */ = {isa = PBXFileReference; lastKnownFileType = text.plist.xml; path = Info.plist; sourceTree = "<group>"; };
		144D28C229F8CF3D006D0AB4 /* YeahSoundboardUITests.xctest */ = {isa = PBXFileReference; explicitFileType = wrapper.cfbundle; includeInIndex = 0; path = YeahSoundboardUITests.xctest; sourceTree = BUILT_PRODUCTS_DIR; };
		144D28C629F8CF3D006D0AB4 /* YeahSoundboardUITests.swift */ = {isa = PBXFileReference; lastKnownFileType = sourcecode.swift; path = YeahSoundboardUITests.swift; sourceTree = "<group>"; };
		144D28C829F8CF3D006D0AB4 /* Info.plist */ = {isa = PBXFileReference; lastKnownFileType = text.plist.xml; path = Info.plist; sourceTree = "<group>"; };
		144D28DB29F8DD7E006D0AB4 /* shock.mp3 */ = {isa = PBXFileReference; lastKnownFileType = audio.mp3; path = shock.mp3; sourceTree = "<group>"; };
		144D28DC29F8DD7E006D0AB4 /* undertaker.mp3 */ = {isa = PBXFileReference; lastKnownFileType = audio.mp3; path = undertaker.mp3; sourceTree = "<group>"; };
		144D28DE29F8DD7E006D0AB4 /* mlg.mp3 */ = {isa = PBXFileReference; lastKnownFileType = audio.mp3; path = mlg.mp3; sourceTree = "<group>"; };
		144D28FB29F8E511006D0AB4 /* la-knight.mp3 */ = {isa = PBXFileReference; lastKnownFileType = audio.mp3; path = "la-knight.mp3"; sourceTree = "<group>"; };
/* End PBXFileReference section */

/* Begin PBXFrameworksBuildPhase section */
		144D289E29F8CF36006D0AB4 /* Frameworks */ = {
			isa = PBXFrameworksBuildPhase;
			buildActionMask = 2147483647;
			files = (
			);
			runOnlyForDeploymentPostprocessing = 0;
		};
		144D28B429F8CF3D006D0AB4 /* Frameworks */ = {
			isa = PBXFrameworksBuildPhase;
			buildActionMask = 2147483647;
			files = (
			);
			runOnlyForDeploymentPostprocessing = 0;
		};
		144D28BF29F8CF3D006D0AB4 /* Frameworks */ = {
			isa = PBXFrameworksBuildPhase;
			buildActionMask = 2147483647;
			files = (
			);
			runOnlyForDeploymentPostprocessing = 0;
		};
/* End PBXFrameworksBuildPhase section */

/* Begin PBXGroup section */
		144D289829F8CF36006D0AB4 = {
			isa = PBXGroup;
			children = (
				144D28A329F8CF36006D0AB4 /* YeahSoundboard */,
				144D28BA29F8CF3D006D0AB4 /* YeahSoundboardTests */,
				144D28C529F8CF3D006D0AB4 /* YeahSoundboardUITests */,
				144D28A229F8CF36006D0AB4 /* Products */,
			);
			sourceTree = "<group>";
		};
		144D28A229F8CF36006D0AB4 /* Products */ = {
			isa = PBXGroup;
			children = (
				144D28A129F8CF36006D0AB4 /* YeahSoundboard.app */,
				144D28B729F8CF3D006D0AB4 /* YeahSoundboardTests.xctest */,
				144D28C229F8CF3D006D0AB4 /* YeahSoundboardUITests.xctest */,
			);
			name = Products;
			sourceTree = "<group>";
		};
		144D28A329F8CF36006D0AB4 /* YeahSoundboard */ = {
			isa = PBXGroup;
			children = (
				144D28D729F8D888006D0AB4 /* Sounds */,
				144D28A429F8CF36006D0AB4 /* AppDelegate.swift */,
				144D28A629F8CF36006D0AB4 /* SceneDelegate.swift */,
				144D28A829F8CF36006D0AB4 /* ViewController.swift */,
				144D28AA29F8CF36006D0AB4 /* Main.storyboard */,
				144D28AD29F8CF3D006D0AB4 /* Assets.xcassets */,
				144D28AF29F8CF3D006D0AB4 /* LaunchScreen.storyboard */,
				144D28B229F8CF3D006D0AB4 /* Info.plist */,
			);
			path = YeahSoundboard;
			sourceTree = "<group>";
		};
		144D28BA29F8CF3D006D0AB4 /* YeahSoundboardTests */ = {
			isa = PBXGroup;
			children = (
				144D28BB29F8CF3D006D0AB4 /* YeahSoundboardTests.swift */,
				144D28BD29F8CF3D006D0AB4 /* Info.plist */,
			);
			path = YeahSoundboardTests;
			sourceTree = "<group>";
		};
		144D28C529F8CF3D006D0AB4 /* YeahSoundboardUITests */ = {
			isa = PBXGroup;
			children = (
				144D28C629F8CF3D006D0AB4 /* YeahSoundboardUITests.swift */,
				144D28C829F8CF3D006D0AB4 /* Info.plist */,
			);
			path = YeahSoundboardUITests;
			sourceTree = "<group>";
		};
		144D28D729F8D888006D0AB4 /* Sounds */ = {
			isa = PBXGroup;
			children = (
				144D28FB29F8E511006D0AB4 /* la-knight.mp3 */,
				144D28DE29F8DD7E006D0AB4 /* mlg.mp3 */,
				144D28DB29F8DD7E006D0AB4 /* shock.mp3 */,
				144D28DC29F8DD7E006D0AB4 /* undertaker.mp3 */,
			);
			path = Sounds;
			sourceTree = "<group>";
		};
/* End PBXGroup section */

/* Begin PBXNativeTarget section */
		144D28A029F8CF36006D0AB4 /* YeahSoundboard */ = {
			isa = PBXNativeTarget;
			buildConfigurationList = 144D28CB29F8CF3D006D0AB4 /* Build configuration list for PBXNativeTarget "YeahSoundboard" */;
			buildPhases = (
				144D289D29F8CF36006D0AB4 /* Sources */,
				144D289E29F8CF36006D0AB4 /* Frameworks */,
				144D289F29F8CF36006D0AB4 /* Resources */,
			);
			buildRules = (
			);
			dependencies = (
			);
			name = YeahSoundboard;
			productName = YeahSoundboard;
			productReference = 144D28A129F8CF36006D0AB4 /* YeahSoundboard.app */;
			productType = "com.apple.product-type.application";
		};
		144D28B629F8CF3D006D0AB4 /* YeahSoundboardTests */ = {
			isa = PBXNativeTarget;
			buildConfigurationList = 144D28CE29F8CF3D006D0AB4 /* Build configuration list for PBXNativeTarget "YeahSoundboardTests" */;
			buildPhases = (
				144D28B329F8CF3D006D0AB4 /* Sources */,
				144D28B429F8CF3D006D0AB4 /* Frameworks */,
				144D28B529F8CF3D006D0AB4 /* Resources */,
			);
			buildRules = (
			);
			dependencies = (
				144D28B929F8CF3D006D0AB4 /* PBXTargetDependency */,
			);
			name = YeahSoundboardTests;
			productName = YeahSoundboardTests;
			productReference = 144D28B729F8CF3D006D0AB4 /* YeahSoundboardTests.xctest */;
			productType = "com.apple.product-type.bundle.unit-test";
		};
		144D28C129F8CF3D006D0AB4 /* YeahSoundboardUITests */ = {
			isa = PBXNativeTarget;
			buildConfigurationList = 144D28D129F8CF3D006D0AB4 /* Build configuration list for PBXNativeTarget "YeahSoundboardUITests" */;
			buildPhases = (
				144D28BE29F8CF3D006D0AB4 /* Sources */,
				144D28BF29F8CF3D006D0AB4 /* Frameworks */,
				144D28C029F8CF3D006D0AB4 /* Resources */,
			);
			buildRules = (
			);
			dependencies = (
				144D28C429F8CF3D006D0AB4 /* PBXTargetDependency */,
			);
			name = YeahSoundboardUITests;
			productName = YeahSoundboardUITests;
			productReference = 144D28C229F8CF3D006D0AB4 /* YeahSoundboardUITests.xctest */;
			productType = "com.apple.product-type.bundle.ui-testing";
		};
/* End PBXNativeTarget section */

/* Begin PBXProject section */
		144D289929F8CF36006D0AB4 /* Project object */ = {
			isa = PBXProject;
			attributes = {
				LastSwiftUpdateCheck = 1240;
				LastUpgradeCheck = 1240;
				TargetAttributes = {
					144D28A029F8CF36006D0AB4 = {
						CreatedOnToolsVersion = 12.4;
					};
					144D28B629F8CF3D006D0AB4 = {
						CreatedOnToolsVersion = 12.4;
						TestTargetID = 144D28A029F8CF36006D0AB4;
					};
					144D28C129F8CF3D006D0AB4 = {
						CreatedOnToolsVersion = 12.4;
						TestTargetID = 144D28A029F8CF36006D0AB4;
					};
				};
			};
			buildConfigurationList = 144D289C29F8CF36006D0AB4 /* Build configuration list for PBXProject "YeahSoundboard" */;
			compatibilityVersion = "Xcode 9.3";
			developmentRegion = en;
			hasScannedForEncodings = 0;
			knownRegions = (
				en,
				Base,
			);
			mainGroup = 144D289829F8CF36006D0AB4;
			productRefGroup = 144D28A229F8CF36006D0AB4 /* Products */;
			projectDirPath = "";
			projectRoot = "";
			targets = (
				144D28A029F8CF36006D0AB4 /* YeahSoundboard */,
				144D28B629F8CF3D006D0AB4 /* YeahSoundboardTests */,
				144D28C129F8CF3D006D0AB4 /* YeahSoundboardUITests */,
			);
		};
/* End PBXProject section */

/* Begin PBXResourcesBuildPhase section */
		144D289F29F8CF36006D0AB4 /* Resources */ = {
			isa = PBXResourcesBuildPhase;
			buildActionMask = 2147483647;
			files = (
				144D28DF29F8DD7E006D0AB4 /* shock.mp3 in Resources */,
				144D28B129F8CF3D006D0AB4 /* LaunchScreen.storyboard in Resources */,
				144D28AE29F8CF3D006D0AB4 /* Assets.xcassets in Resources */,
				144D28E229F8DD7E006D0AB4 /* mlg.mp3 in Resources */,
				144D28AC29F8CF36006D0AB4 /* Main.storyboard in Resources */,
				144D28E029F8DD7E006D0AB4 /* undertaker.mp3 in Resources */,
				144D28FC29F8E511006D0AB4 /* la-knight.mp3 in Resources */,
			);
			runOnlyForDeploymentPostprocessing = 0;
		};
		144D28B529F8CF3D006D0AB4 /* Resources */ = {
			isa = PBXResourcesBuildPhase;
			buildActionMask = 2147483647;
			files = (
			);
			runOnlyForDeploymentPostprocessing = 0;
		};
		144D28C029F8CF3D006D0AB4 /* Resources */ = {
			isa = PBXResourcesBuildPhase;
			buildActionMask = 2147483647;
			files = (
			);
			runOnlyForDeploymentPostprocessing = 0;
		};
/* End PBXResourcesBuildPhase section */

/* Begin PBXSourcesBuildPhase section */
		144D289D29F8CF36006D0AB4 /* Sources */ = {
			isa = PBXSourcesBuildPhase;
			buildActionMask = 2147483647;
			files = (
				144D28A929F8CF36006D0AB4 /* ViewController.swift in Sources */,
				144D28A529F8CF36006D0AB4 /* AppDelegate.swift in Sources */,
				144D28A729F8CF36006D0AB4 /* SceneDelegate.swift in Sources */,
			);
			runOnlyForDeploymentPostprocessing = 0;
		};
		144D28B329F8CF3D006D0AB4 /* Sources */ = {
			isa = PBXSourcesBuildPhase;
			buildActionMask = 2147483647;
			files = (
				144D28BC29F8CF3D006D0AB4 /* YeahSoundboardTests.swift in Sources */,
			);
			runOnlyForDeploymentPostprocessing = 0;
		};
		144D28BE29F8CF3D006D0AB4 /* Sources */ = {
			isa = PBXSourcesBuildPhase;
			buildActionMask = 2147483647;
			files = (
				144D28C729F8CF3D006D0AB4 /* YeahSoundboardUITests.swift in Sources */,
			);
			runOnlyForDeploymentPostprocessing = 0;
		};
/* End PBXSourcesBuildPhase section */

/* Begin PBXTargetDependency section */
		144D28B929F8CF3D006D0AB4 /* PBXTargetDependency */ = {
			isa = PBXTargetDependency;
			target = 144D28A029F8CF36006D0AB4 /* YeahSoundboard */;
			targetProxy = 144D28B829F8CF3D006D0AB4 /* PBXContainerItemProxy */;
		};
		144D28C429F8CF3D006D0AB4 /* PBXTargetDependency */ = {
			isa = PBXTargetDependency;
			target = 144D28A029F8CF36006D0AB4 /* YeahSoundboard */;
			targetProxy = 144D28C329F8CF3D006D0AB4 /* PBXContainerItemProxy */;
		};
/* End PBXTargetDependency section */

/* Begin PBXVariantGroup section */
		144D28AA29F8CF36006D0AB4 /* Main.storyboard */ = {
			isa = PBXVariantGroup;
			children = (
				144D28AB29F8CF36006D0AB4 /* Base */,
			);
			name = Main.storyboard;
			sourceTree = "<group>";
		};
		144D28AF29F8CF3D006D0AB4 /* LaunchScreen.storyboard */ = {
			isa = PBXVariantGroup;
			children = (
				144D28B029F8CF3D006D0AB4 /* Base */,
			);
			name = LaunchScreen.storyboard;
			sourceTree = "<group>";
		};
/* End PBXVariantGroup section */

/* Begin XCBuildConfiguration section */
		144D28C929F8CF3D006D0AB4 /* Debug */ = {
			isa = XCBuildConfiguration;
			buildSettings = {
				ALWAYS_SEARCH_USER_PATHS = NO;
				CLANG_ANALYZER_NONNULL = YES;
				CLANG_ANALYZER_NUMBER_OBJECT_CONVERSION = YES_AGGRESSIVE;
				CLANG_CXX_LANGUAGE_STANDARD = "gnu++14";
				CLANG_CXX_LIBRARY = "libc++";
				CLANG_ENABLE_MODULES = YES;
				CLANG_ENABLE_OBJC_ARC = YES;
				CLANG_ENABLE_OBJC_WEAK = YES;
				CLANG_WARN_BLOCK_CAPTURE_AUTORELEASING = YES;
				CLANG_WARN_BOOL_CONVERSION = YES;
				CLANG_WARN_COMMA = YES;
				CLANG_WARN_CONSTANT_CONVERSION = YES;
				CLANG_WARN_DEPRECATED_OBJC_IMPLEMENTATIONS = YES;
				CLANG_WARN_DIRECT_OBJC_ISA_USAGE = YES_ERROR;
				CLANG_WARN_DOCUMENTATION_COMMENTS = YES;
				CLANG_WARN_EMPTY_BODY = YES;
				CLANG_WARN_ENUM_CONVERSION = YES;
				CLANG_WARN_INFINITE_RECURSION = YES;
				CLANG_WARN_INT_CONVERSION = YES;
				CLANG_WARN_NON_LITERAL_NULL_CONVERSION = YES;
				CLANG_WARN_OBJC_IMPLICIT_RETAIN_SELF = YES;
				CLANG_WARN_OBJC_LITERAL_CONVERSION = YES;
				CLANG_WARN_OBJC_ROOT_CLASS = YES_ERROR;
				CLANG_WARN_QUOTED_INCLUDE_IN_FRAMEWORK_HEADER = YES;
				CLANG_WARN_RANGE_LOOP_ANALYSIS = YES;
				CLANG_WARN_STRICT_PROTOTYPES = YES;
				CLANG_WARN_SUSPICIOUS_MOVE = YES;
				CLANG_WARN_UNGUARDED_AVAILABILITY = YES_AGGRESSIVE;
				CLANG_WARN_UNREACHABLE_CODE = YES;
				CLANG_WARN__DUPLICATE_METHOD_MATCH = YES;
				COPY_PHASE_STRIP = NO;
				DEBUG_INFORMATION_FORMAT = dwarf;
				ENABLE_STRICT_OBJC_MSGSEND = YES;
				ENABLE_TESTABILITY = YES;
				GCC_C_LANGUAGE_STANDARD = gnu11;
				GCC_DYNAMIC_NO_PIC = NO;
				GCC_NO_COMMON_BLOCKS = YES;
				GCC_OPTIMIZATION_LEVEL = 0;
				GCC_PREPROCESSOR_DEFINITIONS = (
					"DEBUG=1",
					"$(inherited)",
				);
				GCC_WARN_64_TO_32_BIT_CONVERSION = YES;
				GCC_WARN_ABOUT_RETURN_TYPE = YES_ERROR;
				GCC_WARN_UNDECLARED_SELECTOR = YES;
				GCC_WARN_UNINITIALIZED_AUTOS = YES_AGGRESSIVE;
				GCC_WARN_UNUSED_FUNCTION = YES;
				GCC_WARN_UNUSED_VARIABLE = YES;
				IPHONEOS_DEPLOYMENT_TARGET = 14.4;
				MTL_ENABLE_DEBUG_INFO = INCLUDE_SOURCE;
				MTL_FAST_MATH = YES;
				ONLY_ACTIVE_ARCH = YES;
				SDKROOT = iphoneos;
				SWIFT_ACTIVE_COMPILATION_CONDITIONS = DEBUG;
				SWIFT_OPTIMIZATION_LEVEL = "-Onone";
			};
			name = Debug;
		};
		144D28CA29F8CF3D006D0AB4 /* Release */ = {
			isa = XCBuildConfiguration;
			buildSettings = {
				ALWAYS_SEARCH_USER_PATHS = NO;
				CLANG_ANALYZER_NONNULL = YES;
				CLANG_ANALYZER_NUMBER_OBJECT_CONVERSION = YES_AGGRESSIVE;
				CLANG_CXX_LANGUAGE_STANDARD = "gnu++14";
				CLANG_CXX_LIBRARY = "libc++";
				CLANG_ENABLE_MODULES = YES;
				CLANG_ENABLE_OBJC_ARC = YES;
				CLANG_ENABLE_OBJC_WEAK = YES;
				CLANG_WARN_BLOCK_CAPTURE_AUTORELEASING = YES;
				CLANG_WARN_BOOL_CONVERSION = YES;
				CLANG_WARN_COMMA = YES;
				CLANG_WARN_CONSTANT_CONVERSION = YES;
				CLANG_WARN_DEPRECATED_OBJC_IMPLEMENTATIONS = YES;
				CLANG_WARN_DIRECT_OBJC_ISA_USAGE = YES_ERROR;
				CLANG_WARN_DOCUMENTATION_COMMENTS = YES;
				CLANG_WARN_EMPTY_BODY = YES;
				CLANG_WARN_ENUM_CONVERSION = YES;
				CLANG_WARN_INFINITE_RECURSION = YES;
				CLANG_WARN_INT_CONVERSION = YES;
				CLANG_WARN_NON_LITERAL_NULL_CONVERSION = YES;
				CLANG_WARN_OBJC_IMPLICIT_RETAIN_SELF = YES;
				CLANG_WARN_OBJC_LITERAL_CONVERSION = YES;
				CLANG_WARN_OBJC_ROOT_CLASS = YES_ERROR;
				CLANG_WARN_QUOTED_INCLUDE_IN_FRAMEWORK_HEADER = YES;
				CLANG_WARN_RANGE_LOOP_ANALYSIS = YES;
				CLANG_WARN_STRICT_PROTOTYPES = YES;
				CLANG_WARN_SUSPICIOUS_MOVE = YES;
				CLANG_WARN_UNGUARDED_AVAILABILITY = YES_AGGRESSIVE;
				CLANG_WARN_UNREACHABLE_CODE = YES;
				CLANG_WARN__DUPLICATE_METHOD_MATCH = YES;
				COPY_PHASE_STRIP = NO;
				DEBUG_INFORMATION_FORMAT = "dwarf-with-dsym";
				ENABLE_NS_ASSERTIONS = NO;
				ENABLE_STRICT_OBJC_MSGSEND = YES;
				GCC_C_LANGUAGE_STANDARD = gnu11;
				GCC_NO_COMMON_BLOCKS = YES;
				GCC_WARN_64_TO_32_BIT_CONVERSION = YES;
				GCC_WARN_ABOUT_RETURN_TYPE = YES_ERROR;
				GCC_WARN_UNDECLARED_SELECTOR = YES;
				GCC_WARN_UNINITIALIZED_AUTOS = YES_AGGRESSIVE;
				GCC_WARN_UNUSED_FUNCTION = YES;
				GCC_WARN_UNUSED_VARIABLE = YES;
				IPHONEOS_DEPLOYMENT_TARGET = 14.4;
				MTL_ENABLE_DEBUG_INFO = NO;
				MTL_FAST_MATH = YES;
				SDKROOT = iphoneos;
				SWIFT_COMPILATION_MODE = wholemodule;
				SWIFT_OPTIMIZATION_LEVEL = "-O";
				VALIDATE_PRODUCT = YES;
			};
			name = Release;
		};
		144D28CC29F8CF3D006D0AB4 /* Debug */ = {
			isa = XCBuildConfiguration;
			buildSettings = {
				ASSETCATALOG_COMPILER_APPICON_NAME = AppIcon;
				ASSETCATALOG_COMPILER_GLOBAL_ACCENT_COLOR_NAME = AccentColor;
				CODE_SIGN_STYLE = Automatic;
				INFOPLIST_FILE = YeahSoundboard/Info.plist;
				LD_RUNPATH_SEARCH_PATHS = (
					"$(inherited)",
					"@executable_path/Frameworks",
				);
				PRODUCT_BUNDLE_IDENTIFIER = "Gabriel-C.YeahSoundboard";
				PRODUCT_NAME = "$(TARGET_NAME)";
				SWIFT_VERSION = 5.0;
				TARGETED_DEVICE_FAMILY = "1,2";
			};
			name = Debug;
		};
		144D28CD29F8CF3D006D0AB4 /* Release */ = {
			isa = XCBuildConfiguration;
			buildSettings = {
				ASSETCATALOG_COMPILER_APPICON_NAME = AppIcon;
				ASSETCATALOG_COMPILER_GLOBAL_ACCENT_COLOR_NAME = AccentColor;
				CODE_SIGN_STYLE = Automatic;
				INFOPLIST_FILE = YeahSoundboard/Info.plist;
				LD_RUNPATH_SEARCH_PATHS = (
					"$(inherited)",
					"@executable_path/Frameworks",
				);
				PRODUCT_BUNDLE_IDENTIFIER = "Gabriel-C.YeahSoundboard";
				PRODUCT_NAME = "$(TARGET_NAME)";
				SWIFT_VERSION = 5.0;
				TARGETED_DEVICE_FAMILY = "1,2";
			};
			name = Release;
		};
		144D28CF29F8CF3D006D0AB4 /* Debug */ = {
			isa = XCBuildConfiguration;
			buildSettings = {
				ALWAYS_EMBED_SWIFT_STANDARD_LIBRARIES = YES;
				BUNDLE_LOADER = "$(TEST_HOST)";
				CODE_SIGN_STYLE = Automatic;
				INFOPLIST_FILE = YeahSoundboardTests/Info.plist;
				IPHONEOS_DEPLOYMENT_TARGET = 14.4;
				LD_RUNPATH_SEARCH_PATHS = (
					"$(inherited)",
					"@executable_path/Frameworks",
					"@loader_path/Frameworks",
				);
				PRODUCT_BUNDLE_IDENTIFIER = "Gabriel-C.YeahSoundboardTests";
				PRODUCT_NAME = "$(TARGET_NAME)";
				SWIFT_VERSION = 5.0;
				TARGETED_DEVICE_FAMILY = "1,2";
				TEST_HOST = "$(BUILT_PRODUCTS_DIR)/YeahSoundboard.app/YeahSoundboard";
			};
			name = Debug;
		};
		144D28D029F8CF3D006D0AB4 /* Release */ = {
			isa = XCBuildConfiguration;
			buildSettings = {
				ALWAYS_EMBED_SWIFT_STANDARD_LIBRARIES = YES;
				BUNDLE_LOADER = "$(TEST_HOST)";
				CODE_SIGN_STYLE = Automatic;
				INFOPLIST_FILE = YeahSoundboardTests/Info.plist;
				IPHONEOS_DEPLOYMENT_TARGET = 14.4;
				LD_RUNPATH_SEARCH_PATHS = (
					"$(inherited)",
					"@executable_path/Frameworks",
					"@loader_path/Frameworks",
				);
				PRODUCT_BUNDLE_IDENTIFIER = "Gabriel-C.YeahSoundboardTests";
				PRODUCT_NAME = "$(TARGET_NAME)";
				SWIFT_VERSION = 5.0;
				TARGETED_DEVICE_FAMILY = "1,2";
				TEST_HOST = "$(BUILT_PRODUCTS_DIR)/YeahSoundboard.app/YeahSoundboard";
			};
			name = Release;
		};
		144D28D229F8CF3D006D0AB4 /* Debug */ = {
			isa = XCBuildConfiguration;
			buildSettings = {
				ALWAYS_EMBED_SWIFT_STANDARD_LIBRARIES = YES;
				CODE_SIGN_STYLE = Automatic;
				INFOPLIST_FILE = YeahSoundboardUITests/Info.plist;
				LD_RUNPATH_SEARCH_PATHS = (
					"$(inherited)",
					"@executable_path/Frameworks",
					"@loader_path/Frameworks",
				);
				PRODUCT_BUNDLE_IDENTIFIER = "Gabriel-C.YeahSoundboardUITests";
				PRODUCT_NAME = "$(TARGET_NAME)";
				SWIFT_VERSION = 5.0;
				TARGETED_DEVICE_FAMILY = "1,2";
				TEST_TARGET_NAME = YeahSoundboard;
			};
			name = Debug;
		};
		144D28D329F8CF3D006D0AB4 /* Release */ = {
			isa = XCBuildConfiguration;
			buildSettings = {
				ALWAYS_EMBED_SWIFT_STANDARD_LIBRARIES = YES;
				CODE_SIGN_STYLE = Automatic;
				INFOPLIST_FILE = YeahSoundboardUITests/Info.plist;
				LD_RUNPATH_SEARCH_PATHS = (
					"$(inherited)",
					"@executable_path/Frameworks",
					"@loader_path/Frameworks",
				);
				PRODUCT_BUNDLE_IDENTIFIER = "Gabriel-C.YeahSoundboardUITests";
				PRODUCT_NAME = "$(TARGET_NAME)";
				SWIFT_VERSION = 5.0;
				TARGETED_DEVICE_FAMILY = "1,2";
				TEST_TARGET_NAME = YeahSoundboard;
			};
			name = Release;
		};
/* End XCBuildConfiguration section */

/* Begin XCConfigurationList section */
		144D289C29F8CF36006D0AB4 /* Build configuration list for PBXProject "YeahSoundboard" */ = {
			isa = XCConfigurationList;
			buildConfigurations = (
				144D28C929F8CF3D006D0AB4 /* Debug */,
				144D28CA29F8CF3D006D0AB4 /* Release */,
			);
			defaultConfigurationIsVisible = 0;
			defaultConfigurationName = Release;
		};
		144D28CB29F8CF3D006D0AB4 /* Build configuration list for PBXNativeTarget "YeahSoundboard" */ = {
			isa = XCConfigurationList;
			buildConfigurations = (
				144D28CC29F8CF3D006D0AB4 /* Debug */,
				144D28CD29F8CF3D006D0AB4 /* Release */,
			);
			defaultConfigurationIsVisible = 0;
			defaultConfigurationName = Release;
		};
		144D28CE29F8CF3D006D0AB4 /* Build configuration list for PBXNativeTarget "YeahSoundboardTests" */ = {
			isa = XCConfigurationList;
			buildConfigurations = (
				144D28CF29F8CF3D006D0AB4 /* Debug */,
				144D28D029F8CF3D006D0AB4 /* Release */,
			);
			defaultConfigurationIsVisible = 0;
			defaultConfigurationName = Release;
		};
		144D28D129F8CF3D006D0AB4 /* Build configuration list for PBXNativeTarget "YeahSoundboardUITests" */ = {
			isa = XCConfigurationList;
			buildConfigurations = (
				144D28D229F8CF3D006D0AB4 /* Debug */,
				144D28D329F8CF3D006D0AB4 /* Release */,
			);
			defaultConfigurationIsVisible = 0;
			defaultConfigurationName = Release;
		};
/* End XCConfigurationList section */
	};
	rootObject = 144D289929F8CF36006D0AB4 /* Project object */;
}
